{
  "name": "movie_app",
  "version": "0.1.0",
  "lockfileVersion": 1,
  "requires": true,
  "dependencies": {
    "react-lines-ellipsis": {
      "version": "0.14.1",
      "resolved": "https://registry.npmjs.org/react-lines-ellipsis/-/react-lines-ellipsis-0.14.1.tgz",
      "integrity": "sha512-4nEDEzzfXy2bqRhLc00DWYb39FKIpGqaIIh/YT3KdHyM9pqD8cSfDSCdGy657sB12alCdT7cKK48Uk0OsRMvHQ=="
    }
  }
}
 